
Microsoft Visual Studio Solution File, Format Version 12.00
# Visual Studio Version 17
VisualStudioVersion = 17.12.35527.113 d17.12
MinimumVisualStudioVersion = 10.0.40219.1
Project("{FAE04EC0-301F-11D3-BF4B-00C04F79EFBC}") = "BidOneWebApp", "BidOneWebApp.csproj", "{8AF3D03B-4AA1-4B90-8787-AD7C58C004DF}"
EndProject
Global
	GlobalSection(SolutionConfigurationPlatforms) = preSolution
		Debug|Any CPU = Debug|Any CPU
		Release|Any CPU = Release|Any CPU
	EndGlobalSection
	GlobalSection(ProjectConfigurationPlatforms) = postSolution
		{8AF3D03B-4AA1-4B90-8787-AD7C58C004DF}.Debug|Any CPU.ActiveCfg = Debug|Any CPU
		{8AF3D03B-4AA1-4B90-8787-AD7C58C004DF}.Debug|Any CPU.Build.0 = Debug|Any CPU
		{8AF3D03B-4AA1-4B90-8787-AD7C58C004DF}.Release|Any CPU.ActiveCfg = Release|Any CPU
		{8AF3D03B-4AA1-4B90-8787-AD7C58C004DF}.Release|Any CPU.Build.0 = Release|Any CPU
	EndGlobalSection
	GlobalSection(SolutionProperties) = preSolution
		HideSolutionNode = FALSE
	EndGlobalSection
EndGlobal
